{
  "name": "laoergege-blog",
  "version": "1.0.0",
  "lockfileVersion": 1,
  "requires": true,
  "dependencies": {
    "async-lock": {
      "version": "1.2.0",
      "resolved": "https://registry.npm.taobao.org/async-lock/download/async-lock-1.2.0.tgz",
      "integrity": "sha1-zWpTyx7D+GryXq/etrx8bjFyWLg="
    },
    "base64-js": {
      "version": "0.0.2",
      "resolved": "http://registry.npm.taobao.org/base64-js/download/base64-js-0.0.2.tgz",
      "integrity": "sha1-Ak8Pcq+iW3X5wO5zzU9V7Bvtl4Q="
    },
    "benchmark": {
      "version": "1.0.0",
      "resolved": "https://registry.npm.taobao.org/benchmark/download/benchmark-1.0.0.tgz",
      "integrity": "sha1-Lx4vpMNZ8REiqhgwgiGOlX45DHM="
    },
    "bops": {
      "version": "0.0.7",
      "resolved": "https://registry.npm.taobao.org/bops/download/bops-0.0.7.tgz",
      "integrity": "sha1-tKClqDmkBkVK8P4FqLkaenZqVOI=",
      "requires": {
        "base64-js": "0.0.2",
        "to-utf8": "0.0.1"
      }
    },
    "clean-git-ref": {
      "version": "1.0.3",
      "resolved": "https://registry.npm.taobao.org/clean-git-ref/download/clean-git-ref-1.0.3.tgz?cache=0&other_urls=https%3A%2F%2Fregistry.npm.taobao.org%2Fclean-git-ref%2Fdownload%2Fclean-git-ref-1.0.3.tgz",
      "integrity": "sha1-UyXcg56rAcl0rg6X9XNHgnUPiOw="
    },
    "crc-32": {
      "version": "1.2.0",
      "resolved": "http://registry.npm.taobao.org/crc-32/download/crc-32-1.2.0.tgz",
      "integrity": "sha1-yy224puIUI4y2d0OwWk+e0Ghggg=",
      "requires": {
        "exit-on-epipe": "~1.0.1",
        "printj": "~1.1.0"
      }
    },
    "decompress-response": {
      "version": "3.3.0",
      "resolved": "http://registry.npm.taobao.org/decompress-response/download/decompress-response-3.3.0.tgz",
      "integrity": "sha1-gKTdMjdIOEv6JICDYirt7Jgq3/M=",
      "requires": {
        "mimic-response": "^1.0.0"
      }
    },
    "diff": {
      "version": "2.2.3",
      "resolved": "http://registry.npm.taobao.org/diff/download/diff-2.2.3.tgz",
      "integrity": "sha1-YOr9DSjukG5Oj/ClLBIpUhAzv5k="
    },
    "diff-lines": {
      "version": "1.1.0",
      "resolved": "https://registry.npm.taobao.org/diff-lines/download/diff-lines-1.1.0.tgz",
      "integrity": "sha1-S72SVxPgJ0d7zUIIG2hEkUexlkg=",
      "requires": {
        "diff": "^2.2.3"
      }
    },
    "exit-on-epipe": {
      "version": "1.0.1",
      "resolved": "http://registry.npm.taobao.org/exit-on-epipe/download/exit-on-epipe-1.0.1.tgz",
      "integrity": "sha1-C92S6H1ShdJn2qgXHQ6wYVlolpI="
    },
    "git-apply-delta": {
      "version": "0.0.7",
      "resolved": "https://registry.npm.taobao.org/git-apply-delta/download/git-apply-delta-0.0.7.tgz",
      "integrity": "sha1-+3auFEVA15RAtSsx3gPmPJk8chk=",
      "requires": {
        "bops": "~0.0.6",
        "varint": "0.0.3"
      }
    },
    "globalyzer": {
      "version": "0.1.4",
      "resolved": "https://registry.npm.taobao.org/globalyzer/download/globalyzer-0.1.4.tgz",
      "integrity": "sha1-vI4nOv4ax8JO6o3vW4AjQMXMU08="
    },
    "globrex": {
      "version": "0.1.2",
      "resolved": "https://registry.npm.taobao.org/globrex/download/globrex-0.1.2.tgz",
      "integrity": "sha1-3V2eyCYjJzDNZ5Ol4zqTApheYJg="
    },
    "ignore": {
      "version": "5.1.1",
      "resolved": "https://registry.npm.taobao.org/ignore/download/ignore-5.1.1.tgz",
      "integrity": "sha1-L8a49Riv9I/vZafzSO2FYyRI5KU="
    },
    "inherits": {
      "version": "2.0.3",
      "resolved": "http://registry.npm.taobao.org/inherits/download/inherits-2.0.3.tgz",
      "integrity": "sha1-Yzwsg+PaQqUC9SRmAiSA9CCCYd4="
    },
    "isomorphic-git": {
      "version": "0.54.2",
      "resolved": "https://registry.npm.taobao.org/isomorphic-git/download/isomorphic-git-0.54.2.tgz",
      "integrity": "sha1-B3exg95MH34RVc4PX1BSD3siNp8=",
      "requires": {
        "async-lock": "^1.1.0",
        "clean-git-ref": "1.0.3",
        "crc-32": "^1.2.0",
        "diff-lines": "^1.1.0",
        "git-apply-delta": "0.0.7",
        "globalyzer": "^0.1.0",
        "globrex": "^0.1.2",
        "ignore": "^5.0.4",
        "marky": "^1.2.1",
        "minimisted": "^2.0.0",
        "nick": "^0.1.3",
        "pako": "^1.0.7",
        "pify": "^4.0.1",
        "readable-stream": "^3.1.1",
        "sha.js": "^2.4.9",
        "simple-get": "^3.0.2"
      }
    },
    "marky": {
      "version": "1.2.1",
      "resolved": "https://registry.npm.taobao.org/marky/download/marky-1.2.1.tgz",
      "integrity": "sha1-o/z4L/01d1a4uK/+yf2/OjDcGwI="
    },
    "mimic-response": {
      "version": "1.0.1",
      "resolved": "http://registry.npm.taobao.org/mimic-response/download/mimic-response-1.0.1.tgz",
      "integrity": "sha1-SSNTiHju9CBjy4o+OweYeBSHqxs="
    },
    "minimist": {
      "version": "1.2.0",
      "resolved": "http://registry.npm.taobao.org/minimist/download/minimist-1.2.0.tgz",
      "integrity": "sha1-o1AIsg9BOD7sH7kU9M1d95omQoQ="
    },
    "minimisted": {
      "version": "2.0.0",
      "resolved": "https://registry.npm.taobao.org/minimisted/download/minimisted-2.0.0.tgz",
      "integrity": "sha1-XjKV507XAbHL6qhjqIgYHW776M4=",
      "requires": {
        "minimist": "^1.2.0"
      }
    },
    "nick": {
      "version": "0.1.3",
      "resolved": "https://registry.npm.taobao.org/nick/download/nick-0.1.3.tgz",
      "integrity": "sha1-2KMLfaeJ1BfguqVDfzPEh76bYCA=",
      "requires": {
        "benchmark": "^1.0.0"
      }
    },
    "once": {
      "version": "1.4.0",
      "resolved": "http://registry.npm.taobao.org/once/download/once-1.4.0.tgz",
      "integrity": "sha1-WDsap3WWHUsROsF9nFC6753Xa9E=",
      "requires": {
        "wrappy": "1"
      }
    },
    "pako": {
      "version": "1.0.10",
      "resolved": "http://registry.npm.taobao.org/pako/download/pako-1.0.10.tgz",
      "integrity": "sha1-Qyi621CGpCaqkPVBl31JVdpclzI="
    },
    "pify": {
      "version": "4.0.1",
      "resolved": "http://registry.npm.taobao.org/pify/download/pify-4.0.1.tgz",
      "integrity": "sha1-SyzSXFDVmHNcUCkiJP2MbfQeMjE="
    },
    "printj": {
      "version": "1.1.2",
      "resolved": "http://registry.npm.taobao.org/printj/download/printj-1.1.2.tgz",
      "integrity": "sha1-2Q3rKXWoufYA+zoclOP0xTx4oiI="
    },
    "readable-stream": {
      "version": "3.3.0",
      "resolved": "http://registry.npm.taobao.org/readable-stream/download/readable-stream-3.3.0.tgz",
      "integrity": "sha1-y4ARqtAC63F78EApH+uoVpyYb7k=",
      "requires": {
        "inherits": "^2.0.3",
        "string_decoder": "^1.1.1",
        "util-deprecate": "^1.0.1"
      }
    },
    "safe-buffer": {
      "version": "5.1.2",
      "resolved": "http://registry.npm.taobao.org/safe-buffer/download/safe-buffer-5.1.2.tgz",
      "integrity": "sha1-mR7GnSluAxN0fVm9/St0XDX4go0="
    },
    "sha.js": {
      "version": "2.4.11",
      "resolved": "http://registry.npm.taobao.org/sha.js/download/sha.js-2.4.11.tgz",
      "integrity": "sha1-N6XPC4HsvGlD3hCbopYNGyZYSuc=",
      "requires": {
        "inherits": "^2.0.1",
        "safe-buffer": "^5.0.1"
      }
    },
    "simple-concat": {
      "version": "1.0.0",
      "resolved": "https://registry.npm.taobao.org/simple-concat/download/simple-concat-1.0.0.tgz",
      "integrity": "sha1-c0TLuLbib7J9ZrL8hvn21Zl1IcY="
    },
    "simple-get": {
      "version": "3.0.3",
      "resolved": "https://registry.npm.taobao.org/simple-get/download/simple-get-3.0.3.tgz",
      "integrity": "sha1-kkUorD+ddxjOXp7BsaacC+TWLvo=",
      "requires": {
        "decompress-response": "^3.3.0",
        "once": "^1.3.1",
        "simple-concat": "^1.0.0"
      }
    },
    "string_decoder": {
      "version": "1.2.0",
      "resolved": "http://registry.npm.taobao.org/string_decoder/download/string_decoder-1.2.0.tgz",
      "integrity": "sha1-/obnOLGVRK/nBGkkOyoe6SQOro0=",
      "requires": {
        "safe-buffer": "~5.1.0"
      }
    },
    "to-utf8": {
      "version": "0.0.1",
      "resolved": "https://registry.npm.taobao.org/to-utf8/download/to-utf8-0.0.1.tgz",
      "integrity": "sha1-0Xrqcv8vujm55DYBvns/9y4ImFI="
    },
    "util-deprecate": {
      "version": "1.0.2",
      "resolved": "http://registry.npm.taobao.org/util-deprecate/download/util-deprecate-1.0.2.tgz",
      "integrity": "sha1-RQ1Nyfpw3nMnYvvS1KKJgUGaDM8="
    },
    "varint": {
      "version": "0.0.3",
      "resolved": "https://registry.npm.taobao.org/varint/download/varint-0.0.3.tgz",
      "integrity": "sha1-uCHemwSzizzSL3LBjZSp+3KrNRg="
    },
    "wrappy": {
      "version": "1.0.2",
      "resolved": "http://registry.npm.taobao.org/wrappy/download/wrappy-1.0.2.tgz",
      "integrity": "sha1-tSQ9jz7BqjXxNkYFvA0QNuMKtp8="
    }
  }
}
